
Microsoft Visual Studio Solution File, Format Version 12.00
# Visual Studio Version 16
VisualStudioVersion = 16.0.29609.76
MinimumVisualStudioVersion = 10.0.40219.1
Project("{FAE04EC0-301F-11D3-BF4B-00C04F79EFBC}") = "LC3SumClosest", "LC3SumClosest\LC3SumClosest.csproj", "{63336A0C-99C6-444F-9EF1-A7486AD6F6C1}"
EndProject
Global
	GlobalSection(SolutionConfigurationPlatforms) = preSolution
		Debug|Any CPU = Debug|Any CPU
		Release|Any CPU = Release|Any CPU
	EndGlobalSection
	GlobalSection(ProjectConfigurationPlatforms) = postSolution
		{63336A0C-99C6-444F-9EF1-A7486AD6F6C1}.Debug|Any CPU.ActiveCfg = Debug|Any CPU
		{63336A0C-99C6-444F-9EF1-A7486AD6F6C1}.Debug|Any CPU.Build.0 = Debug|Any CPU
		{63336A0C-99C6-444F-9EF1-A7486AD6F6C1}.Release|Any CPU.ActiveCfg = Release|Any CPU
		{63336A0C-99C6-444F-9EF1-A7486AD6F6C1}.Release|Any CPU.Build.0 = Release|Any CPU
	EndGlobalSection
	GlobalSection(SolutionProperties) = preSolution
		HideSolutionNode = FALSE
	EndGlobalSection
	GlobalSection(ExtensibilityGlobals) = postSolution
		SolutionGuid = {C411F080-BCE7-497D-854C-0FF0070966AB}
	EndGlobalSection
EndGlobal
